
Microsoft Visual Studio Solution File, Format Version 12.00
# Visual Studio Version 16
VisualStudioVersion = 16.0.30611.23
MinimumVisualStudioVersion = 10.0.40219.1
Project("{9A19103F-16F7-4668-BE54-9A1E7A4F7556}") = "Birdmap.API", "Birdmap.API\Birdmap.API.csproj", "{88855E5F-9555-49E5-92F2-4E8C1194F60B}"
EndProject
Project("{9A19103F-16F7-4668-BE54-9A1E7A4F7556}") = "Birdmap.BLL", "Birdmap.BLL\Birdmap.BLL.csproj", "{879D7B8D-6865-4EBE-B346-E0CA37D3C06A}"
EndProject
Project("{9A19103F-16F7-4668-BE54-9A1E7A4F7556}") = "Birdmap.DAL", "Birdmap.DAL\Birdmap.DAL.csproj", "{543FAB06-B960-41A9-8865-1624A2ED2170}"
EndProject
Project("{9A19103F-16F7-4668-BE54-9A1E7A4F7556}") = "Birdmap.Common", "Birdmap.Common\Birdmap.Common.csproj", "{CE96BAFA-A0FD-4010-8EF2-700451091F71}"
EndProject
Project("{9A19103F-16F7-4668-BE54-9A1E7A4F7556}") = "MQTTnet.TestApp.WinForm", "MQTTnet.TestApp.WinForm\MQTTnet.TestApp.WinForm.csproj", "{E1707FE7-4A65-42AC-B71C-6CC1A55FC42A}"
EndProject
Project("{E53339B2-1760-4266-BCC7-CA923CBCF16C}") = "docker-compose", "docker-compose.dcproj", "{9443433B-1D13-41F0-B345-B36ACD15EF81}"
EndProject
Global
	GlobalSection(SolutionConfigurationPlatforms) = preSolution
		Debug|Any CPU = Debug|Any CPU
		Release|Any CPU = Release|Any CPU
	EndGlobalSection
	GlobalSection(ProjectConfigurationPlatforms) = postSolution
		{88855E5F-9555-49E5-92F2-4E8C1194F60B}.Debug|Any CPU.ActiveCfg = Debug|Any CPU
		{88855E5F-9555-49E5-92F2-4E8C1194F60B}.Debug|Any CPU.Build.0 = Debug|Any CPU
		{88855E5F-9555-49E5-92F2-4E8C1194F60B}.Release|Any CPU.ActiveCfg = Release|Any CPU
		{88855E5F-9555-49E5-92F2-4E8C1194F60B}.Release|Any CPU.Build.0 = Release|Any CPU
		{879D7B8D-6865-4EBE-B346-E0CA37D3C06A}.Debug|Any CPU.ActiveCfg = Debug|Any CPU
		{879D7B8D-6865-4EBE-B346-E0CA37D3C06A}.Debug|Any CPU.Build.0 = Debug|Any CPU
		{879D7B8D-6865-4EBE-B346-E0CA37D3C06A}.Release|Any CPU.ActiveCfg = Release|Any CPU
		{879D7B8D-6865-4EBE-B346-E0CA37D3C06A}.Release|Any CPU.Build.0 = Release|Any CPU
		{543FAB06-B960-41A9-8865-1624A2ED2170}.Debug|Any CPU.ActiveCfg = Debug|Any CPU
		{543FAB06-B960-41A9-8865-1624A2ED2170}.Debug|Any CPU.Build.0 = Debug|Any CPU
		{543FAB06-B960-41A9-8865-1624A2ED2170}.Release|Any CPU.ActiveCfg = Release|Any CPU
		{543FAB06-B960-41A9-8865-1624A2ED2170}.Release|Any CPU.Build.0 = Release|Any CPU
		{CE96BAFA-A0FD-4010-8EF2-700451091F71}.Debug|Any CPU.ActiveCfg = Debug|Any CPU
		{CE96BAFA-A0FD-4010-8EF2-700451091F71}.Debug|Any CPU.Build.0 = Debug|Any CPU
		{CE96BAFA-A0FD-4010-8EF2-700451091F71}.Release|Any CPU.ActiveCfg = Release|Any CPU
		{CE96BAFA-A0FD-4010-8EF2-700451091F71}.Release|Any CPU.Build.0 = Release|Any CPU
		{E1707FE7-4A65-42AC-B71C-6CC1A55FC42A}.Debug|Any CPU.ActiveCfg = Debug|Any CPU
		{E1707FE7-4A65-42AC-B71C-6CC1A55FC42A}.Debug|Any CPU.Build.0 = Debug|Any CPU
		{E1707FE7-4A65-42AC-B71C-6CC1A55FC42A}.Release|Any CPU.ActiveCfg = Release|Any CPU
		{E1707FE7-4A65-42AC-B71C-6CC1A55FC42A}.Release|Any CPU.Build.0 = Release|Any CPU
		{9443433B-1D13-41F0-B345-B36ACD15EF81}.Debug|Any CPU.ActiveCfg = Debug|Any CPU
		{9443433B-1D13-41F0-B345-B36ACD15EF81}.Debug|Any CPU.Build.0 = Debug|Any CPU
		{9443433B-1D13-41F0-B345-B36ACD15EF81}.Release|Any CPU.ActiveCfg = Release|Any CPU
		{9443433B-1D13-41F0-B345-B36ACD15EF81}.Release|Any CPU.Build.0 = Release|Any CPU
	EndGlobalSection
	GlobalSection(SolutionProperties) = preSolution
		HideSolutionNode = FALSE
	EndGlobalSection
	GlobalSection(ExtensibilityGlobals) = postSolution
		SolutionGuid = {614AFBE5-BA16-4796-A4EB-916BA3764799}
	EndGlobalSection
EndGlobal
